// !$*UTF8*$!
{
	archiveVersion = 1;
	classes = {
	};
	objectVersion = 55;
	objects = {

/* Begin PBXBuildFile section */
		0C7B43D52798014600A7AAAC /* AppDelegate.swift in Sources */ = {isa = PBXBuildFile; fileRef = 0C7B43D42798014600A7AAAC /* AppDelegate.swift */; };
		0C7B43D72798014600A7AAAC /* SceneDelegate.swift in Sources */ = {isa = PBXBuildFile; fileRef = 0C7B43D62798014600A7AAAC /* SceneDelegate.swift */; };
		0C7B43D92798014600A7AAAC /* ViewController.swift in Sources */ = {isa = PBXBuildFile; fileRef = 0C7B43D82798014600A7AAAC /* ViewController.swift */; };
		0C7B43DC2798014600A7AAAC /* Main.storyboard in Resources */ = {isa = PBXBuildFile; fileRef = 0C7B43DA2798014600A7AAAC /* Main.storyboard */; };
		0C7B43DE2798014800A7AAAC /* Assets.xcassets in Resources */ = {isa = PBXBuildFile; fileRef = 0C7B43DD2798014800A7AAAC /* Assets.xcassets */; };
		0C7B43E12798014800A7AAAC /* LaunchScreen.storyboard in Resources */ = {isa = PBXBuildFile; fileRef = 0C7B43DF2798014800A7AAAC /* LaunchScreen.storyboard */; };
		0C7B43E92798265800A7AAAC /* ViewControllerTableViewCell.swift in Sources */ = {isa = PBXBuildFile; fileRef = 0C7B43E82798265700A7AAAC /* ViewControllerTableViewCell.swift */; };
		0C7B43EB2799113200A7AAAC /* TableCellViewControll.swift in Sources */ = {isa = PBXBuildFile; fileRef = 0C7B43EA2799113200A7AAAC /* TableCellViewControll.swift */; };
/* End PBXBuildFile section */

/* Begin PBXFileReference section */
		0C7B43D12798014600A7AAAC /* Tableview.app */ = {isa = PBXFileReference; explicitFileType = wrapper.application; includeInIndex = 0; path = Tableview.app; sourceTree = BUILT_PRODUCTS_DIR; };
		0C7B43D42798014600A7AAAC /* AppDelegate.swift */ = {isa = PBXFileReference; lastKnownFileType = sourcecode.swift; path = AppDelegate.swift; sourceTree = "<group>"; };
		0C7B43D62798014600A7AAAC /* SceneDelegate.swift */ = {isa = PBXFileReference; lastKnownFileType = sourcecode.swift; path = SceneDelegate.swift; sourceTree = "<group>"; };
		0C7B43D82798014600A7AAAC /* ViewController.swift */ = {isa = PBXFileReference; lastKnownFileType = sourcecode.swift; path = ViewController.swift; sourceTree = "<group>"; };
		0C7B43DB2798014600A7AAAC /* Base */ = {isa = PBXFileReference; lastKnownFileType = file.storyboard; name = Base; path = Base.lproj/Main.storyboard; sourceTree = "<group>"; };
		0C7B43DD2798014800A7AAAC /* Assets.xcassets */ = {isa = PBXFileReference; lastKnownFileType = folder.assetcatalog; path = Assets.xcassets; sourceTree = "<group>"; };
		0C7B43E02798014800A7AAAC /* Base */ = {isa = PBXFileReference; lastKnownFileType = file.storyboard; name = Base; path = Base.lproj/LaunchScreen.storyboard; sourceTree = "<group>"; };
		0C7B43E22798014800A7AAAC /* Info.plist */ = {isa = PBXFileReference; lastKnownFileType = text.plist.xml; path = Info.plist; sourceTree = "<group>"; };
		0C7B43E82798265700A7AAAC /* ViewControllerTableViewCell.swift */ = {isa = PBXFileReference; lastKnownFileType = sourcecode.swift; path = ViewControllerTableViewCell.swift; sourceTree = "<group>"; };
		0C7B43EA2799113200A7AAAC /* TableCellViewControll.swift */ = {isa = PBXFileReference; lastKnownFileType = sourcecode.swift; path = TableCellViewControll.swift; sourceTree = "<group>"; };
/* End PBXFileReference section */

/* Begin PBXFrameworksBuildPhase section */
		0C7B43CE2798014600A7AAAC /* Frameworks */ = {
			isa = PBXFrameworksBuildPhase;
			buildActionMask = 2147483647;
			files = (
			);
			runOnlyForDeploymentPostprocessing = 0;
		};
/* End PBXFrameworksBuildPhase section */

/* Begin PBXGroup section */
		0C7B43C82798014600A7AAAC = {
			isa = PBXGroup;
			children = (
				0C7B43D32798014600A7AAAC /* Tableview */,
				0C7B43D22798014600A7AAAC /* Products */,
			);
			sourceTree = "<group>";
		};
		0C7B43D22798014600A7AAAC /* Products */ = {
			isa = PBXGroup;
			children = (
				0C7B43D12798014600A7AAAC /* Tableview.app */,
			);
			name = Products;
			sourceTree = "<group>";
		};
		0C7B43D32798014600A7AAAC /* Tableview */ = {
			isa = PBXGroup;
			children = (
				0C7B43D42798014600A7AAAC /* AppDelegate.swift */,
				0C7B43D62798014600A7AAAC /* SceneDelegate.swift */,
				0C7B43D82798014600A7AAAC /* ViewController.swift */,
				0C7B43E82798265700A7AAAC /* ViewControllerTableViewCell.swift */,
				0C7B43EA2799113200A7AAAC /* TableCellViewControll.swift */,
				0C7B43DA2798014600A7AAAC /* Main.storyboard */,
				0C7B43DD2798014800A7AAAC /* Assets.xcassets */,
				0C7B43DF2798014800A7AAAC /* LaunchScreen.storyboard */,
				0C7B43E22798014800A7AAAC /* Info.plist */,
			);
			path = Tableview;
			sourceTree = "<group>";
		};
/* End PBXGroup section */

/* Begin PBXNativeTarget section */
		0C7B43D02798014600A7AAAC /* Tableview */ = {
			isa = PBXNativeTarget;
			buildConfigurationList = 0C7B43E52798014800A7AAAC /* Build configuration list for PBXNativeTarget "Tableview" */;
			buildPhases = (
				0C7B43CD2798014600A7AAAC /* Sources */,
				0C7B43CE2798014600A7AAAC /* Frameworks */,
				0C7B43CF2798014600A7AAAC /* Resources */,
			);
			buildRules = (
			);
			dependencies = (
			);
			name = Tableview;
			productName = Tableview;
			productReference = 0C7B43D12798014600A7AAAC /* Tableview.app */;
			productType = "com.apple.product-type.application";
		};
/* End PBXNativeTarget section */

/* Begin PBXProject section */
		0C7B43C92798014600A7AAAC /* Project object */ = {
			isa = PBXProject;
			attributes = {
				BuildIndependentTargetsInParallel = 1;
				LastSwiftUpdateCheck = 1320;
				LastUpgradeCheck = 1320;
				TargetAttributes = {
					0C7B43D02798014600A7AAAC = {
						CreatedOnToolsVersion = 13.2.1;
					};
				};
			};
			buildConfigurationList = 0C7B43CC2798014600A7AAAC /* Build configuration list for PBXProject "Tableview" */;
			compatibilityVersion = "Xcode 13.0";
			developmentRegion = en;
			hasScannedForEncodings = 0;
			knownRegions = (
				en,
				Base,
			);
			mainGroup = 0C7B43C82798014600A7AAAC;
			productRefGroup = 0C7B43D22798014600A7AAAC /* Products */;
			projectDirPath = "";
			projectRoot = "";
			targets = (
				0C7B43D02798014600A7AAAC /* Tableview */,
			);
		};
/* End PBXProject section */

/* Begin PBXResourcesBuildPhase section */
		0C7B43CF2798014600A7AAAC /* Resources */ = {
			isa = PBXResourcesBuildPhase;
			buildActionMask = 2147483647;
			files = (
				0C7B43E12798014800A7AAAC /* LaunchScreen.storyboard in Resources */,
				0C7B43DE2798014800A7AAAC /* Assets.xcassets in Resources */,
				0C7B43DC2798014600A7AAAC /* Main.storyboard in Resources */,
			);
			runOnlyForDeploymentPostprocessing = 0;
		};
/* End PBXResourcesBuildPhase section */

/* Begin PBXSourcesBuildPhase section */
		0C7B43CD2798014600A7AAAC /* Sources */ = {
			isa = PBXSourcesBuildPhase;
			buildActionMask = 2147483647;
			files = (
				0C7B43EB2799113200A7AAAC /* TableCellViewControll.swift in Sources */,
				0C7B43D92798014600A7AAAC /* ViewController.swift in Sources */,
				0C7B43D52798014600A7AAAC /* AppDelegate.swift in Sources */,
				0C7B43E92798265800A7AAAC /* ViewControllerTableViewCell.swift in Sources */,
				0C7B43D72798014600A7AAAC /* SceneDelegate.swift in Sources */,
			);
			runOnlyForDeploymentPostprocessing = 0;
		};
/* End PBXSourcesBuildPhase section */

/* Begin PBXVariantGroup section */
		0C7B43DA2798014600A7AAAC /* Main.storyboard */ = {
			isa = PBXVariantGroup;
			children = (
				0C7B43DB2798014600A7AAAC /* Base */,
			);
			name = Main.storyboard;
			sourceTree = "<group>";
		};
		0C7B43DF2798014800A7AAAC /* LaunchScreen.storyboard */ = {
			isa = PBXVariantGroup;
			children = (
				0C7B43E02798014800A7AAAC /* Base */,
			);
			name = LaunchScreen.storyboard;
			sourceTree = "<group>";
		};
/* End PBXVariantGroup section */

/* Begin XCBuildConfiguration section */
		0C7B43E32798014800A7AAAC /* Debug */ = {
			isa = XCBuildConfiguration;
			buildSettings = {
				ALWAYS_SEARCH_USER_PATHS = NO;
				CLANG_ANALYZER_NONNULL = YES;
				CLANG_ANALYZER_NUMBER_OBJECT_CONVERSION = YES_AGGRESSIVE;
				CLANG_CXX_LANGUAGE_STANDARD = "gnu++17";
				CLANG_CXX_LIBRARY = "libc++";
				CLANG_ENABLE_MODULES = YES;
				CLANG_ENABLE_OBJC_ARC = YES;
				CLANG_ENABLE_OBJC_WEAK = YES;
				CLANG_WARN_BLOCK_CAPTURE_AUTORELEASING = YES;
				CLANG_WARN_BOOL_CONVERSION = YES;
				CLANG_WARN_COMMA = YES;
				CLANG_WARN_CONSTANT_CONVERSION = YES;
				CLANG_WARN_DEPRECATED_OBJC_IMPLEMENTATIONS = YES;
				CLANG_WARN_DIRECT_OBJC_ISA_USAGE = YES_ERROR;
				CLANG_WARN_DOCUMENTATION_COMMENTS = YES;
				CLANG_WARN_EMPTY_BODY = YES;
				CLANG_WARN_ENUM_CONVERSION = YES;
				CLANG_WARN_INFINITE_RECURSION = YES;
				CLANG_WARN_INT_CONVERSION = YES;
				CLANG_WARN_NON_LITERAL_NULL_CONVERSION = YES;
				CLANG_WARN_OBJC_IMPLICIT_RETAIN_SELF = YES;
				CLANG_WARN_OBJC_LITERAL_CONVERSION = YES;
				CLANG_WARN_OBJC_ROOT_CLASS = YES_ERROR;
				CLANG_WARN_QUOTED_INCLUDE_IN_FRAMEWORK_HEADER = YES;
				CLANG_WARN_RANGE_LOOP_ANALYSIS = YES;
				CLANG_WARN_STRICT_PROTOTYPES = YES;
				CLANG_WARN_SUSPICIOUS_MOVE = YES;
				CLANG_WARN_UNGUARDED_AVAILABILITY = YES_AGGRESSIVE;
				CLANG_WARN_UNREACHABLE_CODE = YES;
				CLANG_WARN__DUPLICATE_METHOD_MATCH = YES;
				COPY_PHASE_STRIP = NO;
				DEBUG_INFORMATION_FORMAT = dwarf;
				ENABLE_STRICT_OBJC_MSGSEND = YES;
				ENABLE_TESTABILITY = YES;
				GCC_C_LANGUAGE_STANDARD = gnu11;
				GCC_DYNAMIC_NO_PIC = NO;
				GCC_NO_COMMON_BLOCKS = YES;
				GCC_OPTIMIZATION_LEVEL = 0;
				GCC_PREPROCESSOR_DEFINITIONS = (
					"DEBUG=1",
					"$(inherited)",
				);
				GCC_WARN_64_TO_32_BIT_CONVERSION = YES;
				GCC_WARN_ABOUT_RETURN_TYPE = YES_ERROR;
				GCC_WARN_UNDECLARED_SELECTOR = YES;
				GCC_WARN_UNINITIALIZED_AUTOS = YES_AGGRESSIVE;
				GCC_WARN_UNUSED_FUNCTION = YES;
				GCC_WARN_UNUSED_VARIABLE = YES;
				IPHONEOS_DEPLOYMENT_TARGET = 15.2;
				MTL_ENABLE_DEBUG_INFO = INCLUDE_SOURCE;
				MTL_FAST_MATH = YES;
				ONLY_ACTIVE_ARCH = YES;
				SDKROOT = iphoneos;
				SWIFT_ACTIVE_COMPILATION_CONDITIONS = DEBUG;
				SWIFT_OPTIMIZATION_LEVEL = "-Onone";
			};
			name = Debug;
		};
		0C7B43E42798014800A7AAAC /* Release */ = {
			isa = XCBuildConfiguration;
			buildSettings = {
				ALWAYS_SEARCH_USER_PATHS = NO;
				CLANG_ANALYZER_NONNULL = YES;
				CLANG_ANALYZER_NUMBER_OBJECT_CONVERSION = YES_AGGRESSIVE;
				CLANG_CXX_LANGUAGE_STANDARD = "gnu++17";
				CLANG_CXX_LIBRARY = "libc++";
				CLANG_ENABLE_MODULES = YES;
				CLANG_ENABLE_OBJC_ARC = YES;
				CLANG_ENABLE_OBJC_WEAK = YES;
				CLANG_WARN_BLOCK_CAPTURE_AUTORELEASING = YES;
				CLANG_WARN_BOOL_CONVERSION = YES;
				CLANG_WARN_COMMA = YES;
				CLANG_WARN_CONSTANT_CONVERSION = YES;
				CLANG_WARN_DEPRECATED_OBJC_IMPLEMENTATIONS = YES;
				CLANG_WARN_DIRECT_OBJC_ISA_USAGE = YES_ERROR;
				CLANG_WARN_DOCUMENTATION_COMMENTS = YES;
				CLANG_WARN_EMPTY_BODY = YES;
				CLANG_WARN_ENUM_CONVERSION = YES;
				CLANG_WARN_INFINITE_RECURSION = YES;
				CLANG_WARN_INT_CONVERSION = YES;
				CLANG_WARN_NON_LITERAL_NULL_CONVERSION = YES;
				CLANG_WARN_OBJC_IMPLICIT_RETAIN_SELF = YES;
				CLANG_WARN_OBJC_LITERAL_CONVERSION = YES;
				CLANG_WARN_OBJC_ROOT_CLASS = YES_ERROR;
				CLANG_WARN_QUOTED_INCLUDE_IN_FRAMEWORK_HEADER = YES;
				CLANG_WARN_RANGE_LOOP_ANALYSIS = YES;
				CLANG_WARN_STRICT_PROTOTYPES = YES;
				CLANG_WARN_SUSPICIOUS_MOVE = YES;
				CLANG_WARN_UNGUARDED_AVAILABILITY = YES_AGGRESSIVE;
				CLANG_WARN_UNREACHABLE_CODE = YES;
				CLANG_WARN__DUPLICATE_METHOD_MATCH = YES;
				COPY_PHASE_STRIP = NO;
				DEBUG_INFORMATION_FORMAT = "dwarf-with-dsym";
				ENABLE_NS_ASSERTIONS = NO;
				ENABLE_STRICT_OBJC_MSGSEND = YES;
				GCC_C_LANGUAGE_STANDARD = gnu11;
				GCC_NO_COMMON_BLOCKS = YES;
				GCC_WARN_64_TO_32_BIT_CONVERSION = YES;
				GCC_WARN_ABOUT_RETURN_TYPE = YES_ERROR;
				GCC_WARN_UNDECLARED_SELECTOR = YES;
				GCC_WARN_UNINITIALIZED_AUTOS = YES_AGGRESSIVE;
				GCC_WARN_UNUSED_FUNCTION = YES;
				GCC_WARN_UNUSED_VARIABLE = YES;
				IPHONEOS_DEPLOYMENT_TARGET = 15.2;
				MTL_ENABLE_DEBUG_INFO = NO;
				MTL_FAST_MATH = YES;
				SDKROOT = iphoneos;
				SWIFT_COMPILATION_MODE = wholemodule;
				SWIFT_OPTIMIZATION_LEVEL = "-O";
				VALIDATE_PRODUCT = YES;
			};
			name = Release;
		};
		0C7B43E62798014800A7AAAC /* Debug */ = {
			isa = XCBuildConfiguration;
			buildSettings = {
				ASSETCATALOG_COMPILER_APPICON_NAME = AppIcon;
				ASSETCATALOG_COMPILER_GLOBAL_ACCENT_COLOR_NAME = AccentColor;
				CODE_SIGN_STYLE = Automatic;
				CURRENT_PROJECT_VERSION = 1;
				DEVELOPMENT_TEAM = KW7TZY6VHF;
				GENERATE_INFOPLIST_FILE = YES;
				INFOPLIST_FILE = Tableview/Info.plist;
				INFOPLIST_KEY_UIApplicationSupportsIndirectInputEvents = YES;
				INFOPLIST_KEY_UILaunchStoryboardName = LaunchScreen;
				INFOPLIST_KEY_UIMainStoryboardFile = Main;
				INFOPLIST_KEY_UISupportedInterfaceOrientations_iPad = "UIInterfaceOrientationPortrait UIInterfaceOrientationPortraitUpsideDown UIInterfaceOrientationLandscapeLeft UIInterfaceOrientationLandscapeRight";
				INFOPLIST_KEY_UISupportedInterfaceOrientations_iPhone = "UIInterfaceOrientationPortrait UIInterfaceOrientationLandscapeLeft UIInterfaceOrientationLandscapeRight";
				LD_RUNPATH_SEARCH_PATHS = (
					"$(inherited)",
					"@executable_path/Frameworks",
				);
				MARKETING_VERSION = 1.0;
				PRODUCT_BUNDLE_IDENTIFIER = yakovlev.Tableview;
				PRODUCT_NAME = "$(TARGET_NAME)";
				SWIFT_EMIT_LOC_STRINGS = YES;
				SWIFT_VERSION = 5.0;
				TARGETED_DEVICE_FAMILY = "1,2";
			};
			name = Debug;
		};
		0C7B43E72798014800A7AAAC /* Release */ = {
			isa = XCBuildConfiguration;
			buildSettings = {
				ASSETCATALOG_COMPILER_APPICON_NAME = AppIcon;
				ASSETCATALOG_COMPILER_GLOBAL_ACCENT_COLOR_NAME = AccentColor;
				CODE_SIGN_STYLE = Automatic;
				CURRENT_PROJECT_VERSION = 1;
				DEVELOPMENT_TEAM = KW7TZY6VHF;
				GENERATE_INFOPLIST_FILE = YES;
				INFOPLIST_FILE = Tableview/Info.plist;
				INFOPLIST_KEY_UIApplicationSupportsIndirectInputEvents = YES;
				INFOPLIST_KEY_UILaunchStoryboardName = LaunchScreen;
				INFOPLIST_KEY_UIMainStoryboardFile = Main;
				INFOPLIST_KEY_UISupportedInterfaceOrientations_iPad = "UIInterfaceOrientationPortrait UIInterfaceOrientationPortraitUpsideDown UIInterfaceOrientationLandscapeLeft UIInterfaceOrientationLandscapeRight";
				INFOPLIST_KEY_UISupportedInterfaceOrientations_iPhone = "UIInterfaceOrientationPortrait UIInterfaceOrientationLandscapeLeft UIInterfaceOrientationLandscapeRight";
				LD_RUNPATH_SEARCH_PATHS = (
					"$(inherited)",
					"@executable_path/Frameworks",
				);
				MARKETING_VERSION = 1.0;
				PRODUCT_BUNDLE_IDENTIFIER = yakovlev.Tableview;
				PRODUCT_NAME = "$(TARGET_NAME)";
				SWIFT_EMIT_LOC_STRINGS = YES;
				SWIFT_VERSION = 5.0;
				TARGETED_DEVICE_FAMILY = "1,2";
			};
			name = Release;
		};
/* End XCBuildConfiguration section */

/* Begin XCConfigurationList section */
		0C7B43CC2798014600A7AAAC /* Build configuration list for PBXProject "Tableview" */ = {
			isa = XCConfigurationList;
			buildConfigurations = (
				0C7B43E32798014800A7AAAC /* Debug */,
				0C7B43E42798014800A7AAAC /* Release */,
			);
			defaultConfigurationIsVisible = 0;
			defaultConfigurationName = Release;
		};
		0C7B43E52798014800A7AAAC /* Build configuration list for PBXNativeTarget "Tableview" */ = {
			isa = XCConfigurationList;
			buildConfigurations = (
				0C7B43E62798014800A7AAAC /* Debug */,
				0C7B43E72798014800A7AAAC /* Release */,
			);
			defaultConfigurationIsVisible = 0;
			defaultConfigurationName = Release;
		};
/* End XCConfigurationList section */
	};
	rootObject = 0C7B43C92798014600A7AAAC /* Project object */;
}
